
Microsoft Visual Studio Solution File, Format Version 12.00
# Visual Studio Version 17
VisualStudioVersion = 17.1.32319.34
MinimumVisualStudioVersion = 10.0.40219.1
Project("{9A19103F-16F7-4668-BE54-9A1E7A4F7556}") = "WebApiStarter", "WebApiStarter\WebApiStarter.csproj", "{78FA94C9-63FF-49D6-83A8-7C2C5B53618F}"
EndProject
Project("{2150E333-8FDC-42A3-9474-1A3956D46DE8}") = "Solution Items", "Solution Items", "{6E91F3C0-F5F3-4C1B-8D23-BE2FA70484A1}"
	ProjectSection(SolutionItems) = preProject
		.editorconfig = .editorconfig
	EndProjectSection
EndProject
Global
	GlobalSection(SolutionConfigurationPlatforms) = preSolution
		Debug|Any CPU = Debug|Any CPU
		Release|Any CPU = Release|Any CPU
	EndGlobalSection
	GlobalSection(ProjectConfigurationPlatforms) = postSolution
		{78FA94C9-63FF-49D6-83A8-7C2C5B53618F}.Debug|Any CPU.ActiveCfg = Debug|Any CPU
		{78FA94C9-63FF-49D6-83A8-7C2C5B53618F}.Debug|Any CPU.Build.0 = Debug|Any CPU
		{78FA94C9-63FF-49D6-83A8-7C2C5B53618F}.Release|Any CPU.ActiveCfg = Release|Any CPU
		{78FA94C9-63FF-49D6-83A8-7C2C5B53618F}.Release|Any CPU.Build.0 = Release|Any CPU
	EndGlobalSection
	GlobalSection(SolutionProperties) = preSolution
		HideSolutionNode = FALSE
	EndGlobalSection
	GlobalSection(ExtensibilityGlobals) = postSolution
		SolutionGuid = {8D96806C-9A46-4FD3-9408-1BB1ABD434DA}
	EndGlobalSection
EndGlobal
